
Microsoft Visual Studio Solution File, Format Version 12.00
# Visual Studio Version 17
VisualStudioVersion = 17.2.32630.192
MinimumVisualStudioVersion = 10.0.40219.1
Project("{FAE04EC0-301F-11D3-BF4B-00C04F79EFBC}") = "File Split 'n' Join", "File Split 'n' Join.csproj", "{AD9AA7B0-42ED-4D00-84CE-AA2EBA75BC58}"
EndProject
Project("{9A19103F-16F7-4668-BE54-9A1E7A4F7556}") = "TextFileScanerLib", "..\DataFileScanerLib\TextFileScanerLib.csproj", "{F2BAED58-E264-422B-934E-0F34EB1165C4}"
EndProject
Global
	GlobalSection(SolutionConfigurationPlatforms) = preSolution
		Debug|Any CPU = Debug|Any CPU
		Release|Any CPU = Release|Any CPU
	EndGlobalSection
	GlobalSection(ProjectConfigurationPlatforms) = postSolution
		{AD9AA7B0-42ED-4D00-84CE-AA2EBA75BC58}.Debug|Any CPU.ActiveCfg = Debug|Any CPU
		{AD9AA7B0-42ED-4D00-84CE-AA2EBA75BC58}.Debug|Any CPU.Build.0 = Debug|Any CPU
		{AD9AA7B0-42ED-4D00-84CE-AA2EBA75BC58}.Release|Any CPU.ActiveCfg = Release|Any CPU
		{AD9AA7B0-42ED-4D00-84CE-AA2EBA75BC58}.Release|Any CPU.Build.0 = Release|Any CPU
		{F2BAED58-E264-422B-934E-0F34EB1165C4}.Debug|Any CPU.ActiveCfg = Debug|Any CPU
		{F2BAED58-E264-422B-934E-0F34EB1165C4}.Debug|Any CPU.Build.0 = Debug|Any CPU
		{F2BAED58-E264-422B-934E-0F34EB1165C4}.Release|Any CPU.ActiveCfg = Release|Any CPU
		{F2BAED58-E264-422B-934E-0F34EB1165C4}.Release|Any CPU.Build.0 = Release|Any CPU
	EndGlobalSection
	GlobalSection(SolutionProperties) = preSolution
		HideSolutionNode = FALSE
	EndGlobalSection
	GlobalSection(ExtensibilityGlobals) = postSolution
		SolutionGuid = {BC660556-E842-4ADB-A2BC-F1DE7FDB9DBE}
	EndGlobalSection
EndGlobal
